
Microsoft Visual Studio Solution File, Format Version 12.00
# Visual Studio Version 17
VisualStudioVersion = 17.7.34221.43
MinimumVisualStudioVersion = 10.0.40219.1
Project("{9A19103F-16F7-4668-BE54-9A1E7A4F7556}") = "SingleTon", "SingleTon\SingleTon.csproj", "{DC1AFB7C-8DB3-44D4-83F1-24BA141CA97A}"
EndProject
Project("{9A19103F-16F7-4668-BE54-9A1E7A4F7556}") = "AdaptorPattern", "AdaptorPattern\AdaptorPattern.csproj", "{20234A13-4F6F-45B1-B5D5-0281D14BC5D2}"
EndProject
Project("{9A19103F-16F7-4668-BE54-9A1E7A4F7556}") = "StartegyPattern", "StartegyPattern\StartegyPattern.csproj", "{9A93E6A2-C951-4F03-9E19-A3D1A50B8746}"
EndProject
Project("{9A19103F-16F7-4668-BE54-9A1E7A4F7556}") = "SimpleFactory", "SimpleFactory\SimpleFactory.csproj", "{5EAF31CC-2232-4AB5-B699-607A8DF9DF58}"
EndProject
Project("{9A19103F-16F7-4668-BE54-9A1E7A4F7556}") = "TemplateMethod", "TemplateMethod\TemplateMethod.csproj", "{B919A0AC-B7AA-4F05-A57E-EB12DFE3F0F1}"
EndProject
Project("{9A19103F-16F7-4668-BE54-9A1E7A4F7556}") = "StatePattern", "StatePattern\StatePattern.csproj", "{8E7170E1-36B0-410E-A9A4-34F4D0215B9E}"
EndProject
Project("{9A19103F-16F7-4668-BE54-9A1E7A4F7556}") = "CommandPattern", "CommandPattern\CommandPattern.csproj", "{5E66EB7B-1731-4C59-A011-276079FD692E}"
EndProject
Project("{9A19103F-16F7-4668-BE54-9A1E7A4F7556}") = "BuilderPattern", "BuilderPattern\BuilderPattern.csproj", "{B64A5AA4-0591-4B4A-B6BB-F392F1FF1E9C}"
EndProject
Project("{FAE04EC0-301F-11D3-BF4B-00C04F79EFBC}") = "DecoratorPattern", "DecoratorPattern\DecoratorPattern.csproj", "{9408EAAD-5D90-48E5-ABF2-95AE250A74CB}"
EndProject
Global
	GlobalSection(SolutionConfigurationPlatforms) = preSolution
		Debug|Any CPU = Debug|Any CPU
		Release|Any CPU = Release|Any CPU
	EndGlobalSection
	GlobalSection(ProjectConfigurationPlatforms) = postSolution
		{DC1AFB7C-8DB3-44D4-83F1-24BA141CA97A}.Debug|Any CPU.ActiveCfg = Debug|Any CPU
		{DC1AFB7C-8DB3-44D4-83F1-24BA141CA97A}.Debug|Any CPU.Build.0 = Debug|Any CPU
		{DC1AFB7C-8DB3-44D4-83F1-24BA141CA97A}.Release|Any CPU.ActiveCfg = Release|Any CPU
		{DC1AFB7C-8DB3-44D4-83F1-24BA141CA97A}.Release|Any CPU.Build.0 = Release|Any CPU
		{20234A13-4F6F-45B1-B5D5-0281D14BC5D2}.Debug|Any CPU.ActiveCfg = Debug|Any CPU
		{20234A13-4F6F-45B1-B5D5-0281D14BC5D2}.Debug|Any CPU.Build.0 = Debug|Any CPU
		{20234A13-4F6F-45B1-B5D5-0281D14BC5D2}.Release|Any CPU.ActiveCfg = Release|Any CPU
		{20234A13-4F6F-45B1-B5D5-0281D14BC5D2}.Release|Any CPU.Build.0 = Release|Any CPU
		{9A93E6A2-C951-4F03-9E19-A3D1A50B8746}.Debug|Any CPU.ActiveCfg = Debug|Any CPU
		{9A93E6A2-C951-4F03-9E19-A3D1A50B8746}.Debug|Any CPU.Build.0 = Debug|Any CPU
		{9A93E6A2-C951-4F03-9E19-A3D1A50B8746}.Release|Any CPU.ActiveCfg = Release|Any CPU
		{9A93E6A2-C951-4F03-9E19-A3D1A50B8746}.Release|Any CPU.Build.0 = Release|Any CPU
		{5EAF31CC-2232-4AB5-B699-607A8DF9DF58}.Debug|Any CPU.ActiveCfg = Debug|Any CPU
		{5EAF31CC-2232-4AB5-B699-607A8DF9DF58}.Debug|Any CPU.Build.0 = Debug|Any CPU
		{5EAF31CC-2232-4AB5-B699-607A8DF9DF58}.Release|Any CPU.ActiveCfg = Release|Any CPU
		{5EAF31CC-2232-4AB5-B699-607A8DF9DF58}.Release|Any CPU.Build.0 = Release|Any CPU
		{B919A0AC-B7AA-4F05-A57E-EB12DFE3F0F1}.Debug|Any CPU.ActiveCfg = Debug|Any CPU
		{B919A0AC-B7AA-4F05-A57E-EB12DFE3F0F1}.Debug|Any CPU.Build.0 = Debug|Any CPU
		{B919A0AC-B7AA-4F05-A57E-EB12DFE3F0F1}.Release|Any CPU.ActiveCfg = Release|Any CPU
		{B919A0AC-B7AA-4F05-A57E-EB12DFE3F0F1}.Release|Any CPU.Build.0 = Release|Any CPU
		{8E7170E1-36B0-410E-A9A4-34F4D0215B9E}.Debug|Any CPU.ActiveCfg = Debug|Any CPU
		{8E7170E1-36B0-410E-A9A4-34F4D0215B9E}.Debug|Any CPU.Build.0 = Debug|Any CPU
		{8E7170E1-36B0-410E-A9A4-34F4D0215B9E}.Release|Any CPU.ActiveCfg = Release|Any CPU
		{8E7170E1-36B0-410E-A9A4-34F4D0215B9E}.Release|Any CPU.Build.0 = Release|Any CPU
		{5E66EB7B-1731-4C59-A011-276079FD692E}.Debug|Any CPU.ActiveCfg = Debug|Any CPU
		{5E66EB7B-1731-4C59-A011-276079FD692E}.Debug|Any CPU.Build.0 = Debug|Any CPU
		{5E66EB7B-1731-4C59-A011-276079FD692E}.Release|Any CPU.ActiveCfg = Release|Any CPU
		{5E66EB7B-1731-4C59-A011-276079FD692E}.Release|Any CPU.Build.0 = Release|Any CPU
		{B64A5AA4-0591-4B4A-B6BB-F392F1FF1E9C}.Debug|Any CPU.ActiveCfg = Debug|Any CPU
		{B64A5AA4-0591-4B4A-B6BB-F392F1FF1E9C}.Debug|Any CPU.Build.0 = Debug|Any CPU
		{B64A5AA4-0591-4B4A-B6BB-F392F1FF1E9C}.Release|Any CPU.ActiveCfg = Release|Any CPU
		{B64A5AA4-0591-4B4A-B6BB-F392F1FF1E9C}.Release|Any CPU.Build.0 = Release|Any CPU
		{9408EAAD-5D90-48E5-ABF2-95AE250A74CB}.Debug|Any CPU.ActiveCfg = Debug|Any CPU
		{9408EAAD-5D90-48E5-ABF2-95AE250A74CB}.Debug|Any CPU.Build.0 = Debug|Any CPU
		{9408EAAD-5D90-48E5-ABF2-95AE250A74CB}.Release|Any CPU.ActiveCfg = Release|Any CPU
		{9408EAAD-5D90-48E5-ABF2-95AE250A74CB}.Release|Any CPU.Build.0 = Release|Any CPU
	EndGlobalSection
	GlobalSection(SolutionProperties) = preSolution
		HideSolutionNode = FALSE
	EndGlobalSection
	GlobalSection(ExtensibilityGlobals) = postSolution
		SolutionGuid = {EC12FE1A-BDD1-42A5-9561-BFB8EF3FC86A}
	EndGlobalSection
EndGlobal
